
Microsoft Visual Studio Solution File, Format Version 12.00
# Visual Studio Version 17
VisualStudioVersion = 17.3.32901.215
MinimumVisualStudioVersion = 10.0.40219.1
Project("{00D1A9C2-B5F0-4AF3-8072-F6C62B433612}") = "BPApiRestDB", "BPApiRestDB\BPApiRestDB.sqlproj", "{E5FA06F4-40C1-4F4F-AAB4-364758474C46}"
EndProject
Project("{9A19103F-16F7-4668-BE54-9A1E7A4F7556}") = "DBContext", "DBContext\DBContext.csproj", "{05EB117B-550F-4506-ABA6-7BFACED5D112}"
EndProject
Project("{9A19103F-16F7-4668-BE54-9A1E7A4F7556}") = "WebAPIBanco", "WebAPIBanco\WebAPIBanco.csproj", "{9DC01724-8CAB-41E7-AFF8-FB7919A38FA4}"
EndProject
Project("{9A19103F-16F7-4668-BE54-9A1E7A4F7556}") = "DataAccessLayer", "DataAccessLayer\DataAccessLayer.csproj", "{2295F14C-D69F-4DCA-BE76-09A7014A4E96}"
EndProject
Project("{9A19103F-16F7-4668-BE54-9A1E7A4F7556}") = "DataTransferObject", "DataTransferObject\DataTransferObject.csproj", "{59EB8B93-8D35-4E3E-9977-A9ECD9F85612}"
EndProject
Project("{9A19103F-16F7-4668-BE54-9A1E7A4F7556}") = "BusinessLogicLayer", "BusinessLogicLayer\BusinessLogicLayer.csproj", "{C6596416-ABE4-481D-9536-8B0276F8FCA7}"
EndProject
Project("{9A19103F-16F7-4668-BE54-9A1E7A4F7556}") = "General", "General\General.csproj", "{A2AAD270-D267-43ED-A9B6-15C4C7CFE0A4}"
EndProject
Project("{FAE04EC0-301F-11D3-BF4B-00C04F79EFBC}") = "PruebasUnitarias", "PruebasUnitarias\PruebasUnitarias.csproj", "{44ADFBF9-C259-488D-AF1A-76F29FEF700F}"
EndProject
Global
	GlobalSection(SolutionConfigurationPlatforms) = preSolution
		Debug|Any CPU = Debug|Any CPU
		Release|Any CPU = Release|Any CPU
	EndGlobalSection
	GlobalSection(ProjectConfigurationPlatforms) = postSolution
		{E5FA06F4-40C1-4F4F-AAB4-364758474C46}.Debug|Any CPU.ActiveCfg = Debug|Any CPU
		{E5FA06F4-40C1-4F4F-AAB4-364758474C46}.Debug|Any CPU.Build.0 = Debug|Any CPU
		{E5FA06F4-40C1-4F4F-AAB4-364758474C46}.Debug|Any CPU.Deploy.0 = Debug|Any CPU
		{E5FA06F4-40C1-4F4F-AAB4-364758474C46}.Release|Any CPU.ActiveCfg = Release|Any CPU
		{E5FA06F4-40C1-4F4F-AAB4-364758474C46}.Release|Any CPU.Build.0 = Release|Any CPU
		{E5FA06F4-40C1-4F4F-AAB4-364758474C46}.Release|Any CPU.Deploy.0 = Release|Any CPU
		{05EB117B-550F-4506-ABA6-7BFACED5D112}.Debug|Any CPU.ActiveCfg = Debug|Any CPU
		{05EB117B-550F-4506-ABA6-7BFACED5D112}.Debug|Any CPU.Build.0 = Debug|Any CPU
		{05EB117B-550F-4506-ABA6-7BFACED5D112}.Release|Any CPU.ActiveCfg = Release|Any CPU
		{05EB117B-550F-4506-ABA6-7BFACED5D112}.Release|Any CPU.Build.0 = Release|Any CPU
		{9DC01724-8CAB-41E7-AFF8-FB7919A38FA4}.Debug|Any CPU.ActiveCfg = Debug|Any CPU
		{9DC01724-8CAB-41E7-AFF8-FB7919A38FA4}.Debug|Any CPU.Build.0 = Debug|Any CPU
		{9DC01724-8CAB-41E7-AFF8-FB7919A38FA4}.Release|Any CPU.ActiveCfg = Release|Any CPU
		{9DC01724-8CAB-41E7-AFF8-FB7919A38FA4}.Release|Any CPU.Build.0 = Release|Any CPU
		{2295F14C-D69F-4DCA-BE76-09A7014A4E96}.Debug|Any CPU.ActiveCfg = Debug|Any CPU
		{2295F14C-D69F-4DCA-BE76-09A7014A4E96}.Debug|Any CPU.Build.0 = Debug|Any CPU
		{2295F14C-D69F-4DCA-BE76-09A7014A4E96}.Release|Any CPU.ActiveCfg = Release|Any CPU
		{2295F14C-D69F-4DCA-BE76-09A7014A4E96}.Release|Any CPU.Build.0 = Release|Any CPU
		{59EB8B93-8D35-4E3E-9977-A9ECD9F85612}.Debug|Any CPU.ActiveCfg = Debug|Any CPU
		{59EB8B93-8D35-4E3E-9977-A9ECD9F85612}.Debug|Any CPU.Build.0 = Debug|Any CPU
		{59EB8B93-8D35-4E3E-9977-A9ECD9F85612}.Release|Any CPU.ActiveCfg = Release|Any CPU
		{59EB8B93-8D35-4E3E-9977-A9ECD9F85612}.Release|Any CPU.Build.0 = Release|Any CPU
		{C6596416-ABE4-481D-9536-8B0276F8FCA7}.Debug|Any CPU.ActiveCfg = Debug|Any CPU
		{C6596416-ABE4-481D-9536-8B0276F8FCA7}.Debug|Any CPU.Build.0 = Debug|Any CPU
		{C6596416-ABE4-481D-9536-8B0276F8FCA7}.Release|Any CPU.ActiveCfg = Release|Any CPU
		{C6596416-ABE4-481D-9536-8B0276F8FCA7}.Release|Any CPU.Build.0 = Release|Any CPU
		{A2AAD270-D267-43ED-A9B6-15C4C7CFE0A4}.Debug|Any CPU.ActiveCfg = Debug|Any CPU
		{A2AAD270-D267-43ED-A9B6-15C4C7CFE0A4}.Debug|Any CPU.Build.0 = Debug|Any CPU
		{A2AAD270-D267-43ED-A9B6-15C4C7CFE0A4}.Release|Any CPU.ActiveCfg = Release|Any CPU
		{A2AAD270-D267-43ED-A9B6-15C4C7CFE0A4}.Release|Any CPU.Build.0 = Release|Any CPU
		{44ADFBF9-C259-488D-AF1A-76F29FEF700F}.Debug|Any CPU.ActiveCfg = Debug|Any CPU
		{44ADFBF9-C259-488D-AF1A-76F29FEF700F}.Debug|Any CPU.Build.0 = Debug|Any CPU
		{44ADFBF9-C259-488D-AF1A-76F29FEF700F}.Release|Any CPU.ActiveCfg = Release|Any CPU
		{44ADFBF9-C259-488D-AF1A-76F29FEF700F}.Release|Any CPU.Build.0 = Release|Any CPU
	EndGlobalSection
	GlobalSection(SolutionProperties) = preSolution
		HideSolutionNode = FALSE
	EndGlobalSection
	GlobalSection(ExtensibilityGlobals) = postSolution
		SolutionGuid = {385C29CB-205A-4C28-BCBD-9AD5326C9803}
	EndGlobalSection
EndGlobal
